PODS:
  - DynamsoftBarcodeReader (9.6.40)

DEPENDENCIES:
  - DynamsoftBarcodeReader (= 9.6.40)

SPEC REPOS:
  trunk:
    - DynamsoftBarcodeReader

SPEC CHECKSUMS:
  DynamsoftBarcodeReader: 42d9ff4c9e1314ab1c600877e7f8c37ac2525bd8

PODFILE CHECKSUM: 7ec7087f518519945cca5419632704ed2430266d

COCOAPODS: 1.15.2
