PODS:
  - DynamsoftCore (2.0.2)
  - DynamsoftDocumentNormalizer (1.0.20):
    - DynamsoftCore (>= 2.0.0)
    - DynamsoftImageProcessing
    - DynamsoftIntermediateResult
  - DynamsoftImageProcessing (1.0.20)
  - DynamsoftIntermediateResult (1.0.20)
  - file_selector_ios (0.0.1):
    - Flutter
  - Flutter (1.0.0)
  - flutter_document_scan_sdk (0.3.0):
    - DynamsoftDocumentNormalizer (= 1.0.20)
    - Flutter
  - image_picker_ios (0.0.1):
    - Flutter
  - path_provider_foundation (0.0.1):
    - Flutter
    - FlutterMacOS

DEPENDENCIES:
  - file_selector_ios (from `.symlinks/plugins/file_selector_ios/ios`)
  - Flutter (from `Flutter`)
  - flutter_document_scan_sdk (from `.symlinks/plugins/flutter_document_scan_sdk/ios`)
  - image_picker_ios (from `.symlinks/plugins/image_picker_ios/ios`)
  - path_provider_foundation (from `.symlinks/plugins/path_provider_foundation/ios`)

SPEC REPOS:
  trunk:
    - DynamsoftCore
    - DynamsoftDocumentNormalizer
    - DynamsoftImageProcessing
    - DynamsoftIntermediateResult

EXTERNAL SOURCES:
  file_selector_ios:
    :path: ".symlinks/plugins/file_selector_ios/ios"
  Flutter:
    :path: Flutter
  flutter_document_scan_sdk:
    :path: ".symlinks/plugins/flutter_document_scan_sdk/ios"
  image_picker_ios:
    :path: ".symlinks/plugins/image_picker_ios/ios"
  path_provider_foundation:
    :path: ".symlinks/plugins/path_provider_foundation/ios"

SPEC CHECKSUMS:
  DynamsoftCore: 80c01db1e40dd019d50b9c07bff50c73fcb06d03
  DynamsoftDocumentNormalizer: b40ccace39cecece242697f076cf60ab50e39125
  DynamsoftImageProcessing: 91d7062099a70a9db81cc30a0400e136eafdf838
  DynamsoftIntermediateResult: 4a56047650f7c9225ec0b9a2531c9f4dd60ff2a6
  file_selector_ios: 6e9b6d7300556c730f224905726f0a2d5d874e51
  Flutter: f04841e97a9d0b0a8025694d0796dd46242b2854
  flutter_document_scan_sdk: e802134bbf2907545cbdfe94119b990b9fdcf9d9
  image_picker_ios: b786a5dcf033a8336a657191401bfdf12017dabb
  path_provider_foundation: 37748e03f12783f9de2cb2c4eadfaa25fe6d4852

PODFILE CHECKSUM: ef19549a9bc3046e7bb7d2fab4d021637c0c58a3

COCOAPODS: 1.11.2
